
Microsoft Visual Studio Solution File, Format Version 12.00
# Visual Studio Version 16
VisualStudioVersion = 16.0.29613.14
MinimumVisualStudioVersion = 10.0.40219.1
Project("{FAE04EC0-301F-11D3-BF4B-00C04F79EFBC}") = "HandsOnModelValidation", "HandsOnModelValidation.csproj", "{21AD44FC-6388-40DD-A5F3-CDED94D5205F}"
EndProject
Global
	GlobalSection(SolutionConfigurationPlatforms) = preSolution
		Debug|Any CPU = Debug|Any CPU
		Release|Any CPU = Release|Any CPU
	EndGlobalSection
	GlobalSection(ProjectConfigurationPlatforms) = postSolution
		{21AD44FC-6388-40DD-A5F3-CDED94D5205F}.Debug|Any CPU.ActiveCfg = Debug|Any CPU
		{21AD44FC-6388-40DD-A5F3-CDED94D5205F}.Debug|Any CPU.Build.0 = Debug|Any CPU
		{21AD44FC-6388-40DD-A5F3-CDED94D5205F}.Release|Any CPU.ActiveCfg = Release|Any CPU
		{21AD44FC-6388-40DD-A5F3-CDED94D5205F}.Release|Any CPU.Build.0 = Release|Any CPU
	EndGlobalSection
	GlobalSection(SolutionProperties) = preSolution
		HideSolutionNode = FALSE
	EndGlobalSection
	GlobalSection(ExtensibilityGlobals) = postSolution
		SolutionGuid = {759AA555-CB53-4095-944D-270CE9B77923}
	EndGlobalSection
EndGlobal
